
Microsoft Visual Studio Solution File, Format Version 12.00
# Visual Studio Version 16
VisualStudioVersion = 16.0.34301.259
MinimumVisualStudioVersion = 10.0.40219.1
Project("{FAE04EC0-301F-11D3-BF4B-00C04F79EFBC}") = "SimpleWebApplication", "SimpleWebApplication.csproj", "{3BB055F4-A7F4-422B-8220-F011C6F3C8DF}"
EndProject
Global
	GlobalSection(SolutionConfigurationPlatforms) = preSolution
		Debug|Any CPU = Debug|Any CPU
		Release|Any CPU = Release|Any CPU
	EndGlobalSection
	GlobalSection(ProjectConfigurationPlatforms) = postSolution
		{3BB055F4-A7F4-422B-8220-F011C6F3C8DF}.Debug|Any CPU.ActiveCfg = Debug|Any CPU
		{3BB055F4-A7F4-422B-8220-F011C6F3C8DF}.Debug|Any CPU.Build.0 = Debug|Any CPU
		{3BB055F4-A7F4-422B-8220-F011C6F3C8DF}.Release|Any CPU.ActiveCfg = Release|Any CPU
		{3BB055F4-A7F4-422B-8220-F011C6F3C8DF}.Release|Any CPU.Build.0 = Release|Any CPU
	EndGlobalSection
	GlobalSection(SolutionProperties) = preSolution
		HideSolutionNode = FALSE
	EndGlobalSection
	GlobalSection(ExtensibilityGlobals) = postSolution
		SolutionGuid = {B156754D-37FB-42D1-AAC1-5050EAEA6202}
	EndGlobalSection
EndGlobal
